
Microsoft Visual Studio Solution File, Format Version 12.00
# Visual Studio Version 17
VisualStudioVersion = 17.0.32112.339
MinimumVisualStudioVersion = 10.0.40219.1
Project("{FAE04EC0-301F-11D3-BF4B-00C04F79EFBC}") = "WebApplication1", "WebApplication1.csproj", "{E028BD70-423D-496C-B964-04DD5400DFD3}"
EndProject
Global
	GlobalSection(SolutionConfigurationPlatforms) = preSolution
		Debug|Any CPU = Debug|Any CPU
		Release|Any CPU = Release|Any CPU
	EndGlobalSection
	GlobalSection(ProjectConfigurationPlatforms) = postSolution
		{E028BD70-423D-496C-B964-04DD5400DFD3}.Debug|Any CPU.ActiveCfg = Debug|Any CPU
		{E028BD70-423D-496C-B964-04DD5400DFD3}.Debug|Any CPU.Build.0 = Debug|Any CPU
		{E028BD70-423D-496C-B964-04DD5400DFD3}.Release|Any CPU.ActiveCfg = Release|Any CPU
		{E028BD70-423D-496C-B964-04DD5400DFD3}.Release|Any CPU.Build.0 = Release|Any CPU
	EndGlobalSection
	GlobalSection(SolutionProperties) = preSolution
		HideSolutionNode = FALSE
	EndGlobalSection
	GlobalSection(ExtensibilityGlobals) = postSolution
		SolutionGuid = {956B1664-5090-469B-AE5E-8EFBAE805344}
	EndGlobalSection
EndGlobal
